
Microsoft Visual Studio Solution File, Format Version 12.00
# Visual Studio Version 17
VisualStudioVersion = 17.5.002.0
MinimumVisualStudioVersion = 10.0.40219.1
Project("{2150E333-8FDC-42A3-9474-1A3956D46DE8}") = "csharp-prep", "csharp-prep", "{B07B0C3C-939F-4DEE-8032-C72A7356A87C}"
EndProject
Project("{9A19103F-16F7-4668-BE54-9A1E7A4F7556}") = "Prep1", "csharp-prep\Prep1\Prep1.csproj", "{6E54A6D5-6050-47A8-BBA3-DDC62A17E0CB}"
EndProject
Project("{9A19103F-16F7-4668-BE54-9A1E7A4F7556}") = "Prep2", "csharp-prep\Prep2\Prep2.csproj", "{58554BD4-DE01-4F9D-979D-AFFFCEA4A22A}"
EndProject
Project("{9A19103F-16F7-4668-BE54-9A1E7A4F7556}") = "Prep3", "csharp-prep\Prep3\Prep3.csproj", "{2D97CFC6-BD97-456E-BD02-9CB215EBC8BE}"
EndProject
Project("{9A19103F-16F7-4668-BE54-9A1E7A4F7556}") = "Prep4", "csharp-prep\Prep4\Prep4.csproj", "{A5851BF7-7DE1-41CB-8396-91D4C5F9E8D5}"
EndProject
Project("{9A19103F-16F7-4668-BE54-9A1E7A4F7556}") = "Prep5", "csharp-prep\Prep5\Prep5.csproj", "{AF7A2215-569E-414F-A126-33190970C60A}"
EndProject
Project("{2150E333-8FDC-42A3-9474-1A3956D46DE8}") = "final", "final", "{D9091F45-1F5E-42BA-9CE0-762C40C11957}"
EndProject
Project("{9A19103F-16F7-4668-BE54-9A1E7A4F7556}") = "FinalProject", "final\FinalProject\FinalProject.csproj", "{97447125-B301-4EAD-9801-100D33E0D17B}"
EndProject
Project("{9A19103F-16F7-4668-BE54-9A1E7A4F7556}") = "Foundation1", "final\Foundation1\Foundation1.csproj", "{1526BF26-B679-455A-B167-E98005121C68}"
EndProject
Project("{9A19103F-16F7-4668-BE54-9A1E7A4F7556}") = "Foundation2", "final\Foundation2\Foundation2.csproj", "{29332D89-9405-41E9-A78C-B064C863634B}"
EndProject
Project("{9A19103F-16F7-4668-BE54-9A1E7A4F7556}") = "Foundation3", "final\Foundation3\Foundation3.csproj", "{5FBE641A-60FD-4126-B50E-7D0D54BEA32F}"
EndProject
Project("{9A19103F-16F7-4668-BE54-9A1E7A4F7556}") = "Foundation4", "final\Foundation4\Foundation4.csproj", "{B866D86F-ACA5-4949-A6DF-6139D8B77E37}"
EndProject
Project("{2150E333-8FDC-42A3-9474-1A3956D46DE8}") = "prepare", "prepare", "{7F5227A7-842E-4A66-8AA3-1D9E9BE82F8B}"
EndProject
Project("{9A19103F-16F7-4668-BE54-9A1E7A4F7556}") = "Learning02", "prepare\Learning02\Learning02.csproj", "{49F4FD1B-AA77-4399-A93E-05B99470A9DE}"
EndProject
Project("{9A19103F-16F7-4668-BE54-9A1E7A4F7556}") = "Learning03", "prepare\Learning03\Learning03.csproj", "{B162AB05-86A8-4420-827E-27774586D3D5}"
EndProject
Project("{9A19103F-16F7-4668-BE54-9A1E7A4F7556}") = "Learning04", "prepare\Learning04\Learning04.csproj", "{E3A1C1CD-4710-4710-B363-BDB505BCA005}"
EndProject
Project("{9A19103F-16F7-4668-BE54-9A1E7A4F7556}") = "Learning05", "prepare\Learning05\Learning05.csproj", "{723E9805-E7A1-45B8-874C-5D02DEA63E06}"
EndProject
Project("{2150E333-8FDC-42A3-9474-1A3956D46DE8}") = "prove", "prove", "{1B30478C-25FF-4FB8-9AD2-1E1450B84F1E}"
EndProject
Project("{9A19103F-16F7-4668-BE54-9A1E7A4F7556}") = "Develop02", "prove\Develop02\Develop02.csproj", "{546763C9-7780-42D2-AC7E-B4EDCD8DAA10}"
EndProject
Project("{9A19103F-16F7-4668-BE54-9A1E7A4F7556}") = "Develop03", "prove\Develop03\Develop03.csproj", "{029FA796-61AE-4DEC-ABDE-856F6822832E}"
EndProject
Project("{9A19103F-16F7-4668-BE54-9A1E7A4F7556}") = "Develop04", "prove\Develop04\Develop04.csproj", "{382E4A08-6346-475C-BF62-AECAD2D1EA0D}"
EndProject
Project("{9A19103F-16F7-4668-BE54-9A1E7A4F7556}") = "Develop05", "prove\Develop05\Develop05.csproj", "{BDD5F6F3-FC77-42A8-ABE6-9839822EAECC}"
EndProject
Project("{2150E333-8FDC-42A3-9474-1A3956D46DE8}") = "sandbox", "sandbox", "{65AD637D-FDB7-4156-9368-713106B3BBB7}"
EndProject
Project("{9A19103F-16F7-4668-BE54-9A1E7A4F7556}") = "Sandbox", "sandbox\Sandbox\Sandbox.csproj", "{DE8A3203-7E7F-4764-BBDD-4FF0C5388548}"
EndProject
Global
	GlobalSection(SolutionConfigurationPlatforms) = preSolution
		Debug|Any CPU = Debug|Any CPU
		Release|Any CPU = Release|Any CPU
	EndGlobalSection
	GlobalSection(ProjectConfigurationPlatforms) = postSolution
		{6E54A6D5-6050-47A8-BBA3-DDC62A17E0CB}.Debug|Any CPU.ActiveCfg = Debug|Any CPU
		{6E54A6D5-6050-47A8-BBA3-DDC62A17E0CB}.Debug|Any CPU.Build.0 = Debug|Any CPU
		{6E54A6D5-6050-47A8-BBA3-DDC62A17E0CB}.Release|Any CPU.ActiveCfg = Release|Any CPU
		{6E54A6D5-6050-47A8-BBA3-DDC62A17E0CB}.Release|Any CPU.Build.0 = Release|Any CPU
		{58554BD4-DE01-4F9D-979D-AFFFCEA4A22A}.Debug|Any CPU.ActiveCfg = Debug|Any CPU
		{58554BD4-DE01-4F9D-979D-AFFFCEA4A22A}.Debug|Any CPU.Build.0 = Debug|Any CPU
		{58554BD4-DE01-4F9D-979D-AFFFCEA4A22A}.Release|Any CPU.ActiveCfg = Release|Any CPU
		{58554BD4-DE01-4F9D-979D-AFFFCEA4A22A}.Release|Any CPU.Build.0 = Release|Any CPU
		{2D97CFC6-BD97-456E-BD02-9CB215EBC8BE}.Debug|Any CPU.ActiveCfg = Debug|Any CPU
		{2D97CFC6-BD97-456E-BD02-9CB215EBC8BE}.Debug|Any CPU.Build.0 = Debug|Any CPU
		{2D97CFC6-BD97-456E-BD02-9CB215EBC8BE}.Release|Any CPU.ActiveCfg = Release|Any CPU
		{2D97CFC6-BD97-456E-BD02-9CB215EBC8BE}.Release|Any CPU.Build.0 = Release|Any CPU
		{A5851BF7-7DE1-41CB-8396-91D4C5F9E8D5}.Debug|Any CPU.ActiveCfg = Debug|Any CPU
		{A5851BF7-7DE1-41CB-8396-91D4C5F9E8D5}.Debug|Any CPU.Build.0 = Debug|Any CPU
		{A5851BF7-7DE1-41CB-8396-91D4C5F9E8D5}.Release|Any CPU.ActiveCfg = Release|Any CPU
		{A5851BF7-7DE1-41CB-8396-91D4C5F9E8D5}.Release|Any CPU.Build.0 = Release|Any CPU
		{AF7A2215-569E-414F-A126-33190970C60A}.Debug|Any CPU.ActiveCfg = Debug|Any CPU
		{AF7A2215-569E-414F-A126-33190970C60A}.Debug|Any CPU.Build.0 = Debug|Any CPU
		{AF7A2215-569E-414F-A126-33190970C60A}.Release|Any CPU.ActiveCfg = Release|Any CPU
		{AF7A2215-569E-414F-A126-33190970C60A}.Release|Any CPU.Build.0 = Release|Any CPU
		{97447125-B301-4EAD-9801-100D33E0D17B}.Debug|Any CPU.ActiveCfg = Debug|Any CPU
		{97447125-B301-4EAD-9801-100D33E0D17B}.Debug|Any CPU.Build.0 = Debug|Any CPU
		{97447125-B301-4EAD-9801-100D33E0D17B}.Release|Any CPU.ActiveCfg = Release|Any CPU
		{97447125-B301-4EAD-9801-100D33E0D17B}.Release|Any CPU.Build.0 = Release|Any CPU
		{1526BF26-B679-455A-B167-E98005121C68}.Debug|Any CPU.ActiveCfg = Debug|Any CPU
		{1526BF26-B679-455A-B167-E98005121C68}.Debug|Any CPU.Build.0 = Debug|Any CPU
		{1526BF26-B679-455A-B167-E98005121C68}.Release|Any CPU.ActiveCfg = Release|Any CPU
		{1526BF26-B679-455A-B167-E98005121C68}.Release|Any CPU.Build.0 = Release|Any CPU
		{29332D89-9405-41E9-A78C-B064C863634B}.Debug|Any CPU.ActiveCfg = Debug|Any CPU
		{29332D89-9405-41E9-A78C-B064C863634B}.Debug|Any CPU.Build.0 = Debug|Any CPU
		{29332D89-9405-41E9-A78C-B064C863634B}.Release|Any CPU.ActiveCfg = Release|Any CPU
		{29332D89-9405-41E9-A78C-B064C863634B}.Release|Any CPU.Build.0 = Release|Any CPU
		{5FBE641A-60FD-4126-B50E-7D0D54BEA32F}.Debug|Any CPU.ActiveCfg = Debug|Any CPU
		{5FBE641A-60FD-4126-B50E-7D0D54BEA32F}.Debug|Any CPU.Build.0 = Debug|Any CPU
		{5FBE641A-60FD-4126-B50E-7D0D54BEA32F}.Release|Any CPU.ActiveCfg = Release|Any CPU
		{5FBE641A-60FD-4126-B50E-7D0D54BEA32F}.Release|Any CPU.Build.0 = Release|Any CPU
		{B866D86F-ACA5-4949-A6DF-6139D8B77E37}.Debug|Any CPU.ActiveCfg = Debug|Any CPU
		{B866D86F-ACA5-4949-A6DF-6139D8B77E37}.Debug|Any CPU.Build.0 = Debug|Any CPU
		{B866D86F-ACA5-4949-A6DF-6139D8B77E37}.Release|Any CPU.ActiveCfg = Release|Any CPU
		{B866D86F-ACA5-4949-A6DF-6139D8B77E37}.Release|Any CPU.Build.0 = Release|Any CPU
		{49F4FD1B-AA77-4399-A93E-05B99470A9DE}.Debug|Any CPU.ActiveCfg = Debug|Any CPU
		{49F4FD1B-AA77-4399-A93E-05B99470A9DE}.Debug|Any CPU.Build.0 = Debug|Any CPU
		{49F4FD1B-AA77-4399-A93E-05B99470A9DE}.Release|Any CPU.ActiveCfg = Release|Any CPU
		{49F4FD1B-AA77-4399-A93E-05B99470A9DE}.Release|Any CPU.Build.0 = Release|Any CPU
		{B162AB05-86A8-4420-827E-27774586D3D5}.Debug|Any CPU.ActiveCfg = Debug|Any CPU
		{B162AB05-86A8-4420-827E-27774586D3D5}.Debug|Any CPU.Build.0 = Debug|Any CPU
		{B162AB05-86A8-4420-827E-27774586D3D5}.Release|Any CPU.ActiveCfg = Release|Any CPU
		{B162AB05-86A8-4420-827E-27774586D3D5}.Release|Any CPU.Build.0 = Release|Any CPU
		{E3A1C1CD-4710-4710-B363-BDB505BCA005}.Debug|Any CPU.ActiveCfg = Debug|Any CPU
		{E3A1C1CD-4710-4710-B363-BDB505BCA005}.Debug|Any CPU.Build.0 = Debug|Any CPU
		{E3A1C1CD-4710-4710-B363-BDB505BCA005}.Release|Any CPU.ActiveCfg = Release|Any CPU
		{E3A1C1CD-4710-4710-B363-BDB505BCA005}.Release|Any CPU.Build.0 = Release|Any CPU
		{723E9805-E7A1-45B8-874C-5D02DEA63E06}.Debug|Any CPU.ActiveCfg = Debug|Any CPU
		{723E9805-E7A1-45B8-874C-5D02DEA63E06}.Debug|Any CPU.Build.0 = Debug|Any CPU
		{723E9805-E7A1-45B8-874C-5D02DEA63E06}.Release|Any CPU.ActiveCfg = Release|Any CPU
		{723E9805-E7A1-45B8-874C-5D02DEA63E06}.Release|Any CPU.Build.0 = Release|Any CPU
		{546763C9-7780-42D2-AC7E-B4EDCD8DAA10}.Debug|Any CPU.ActiveCfg = Debug|Any CPU
		{546763C9-7780-42D2-AC7E-B4EDCD8DAA10}.Debug|Any CPU.Build.0 = Debug|Any CPU
		{546763C9-7780-42D2-AC7E-B4EDCD8DAA10}.Release|Any CPU.ActiveCfg = Release|Any CPU
		{546763C9-7780-42D2-AC7E-B4EDCD8DAA10}.Release|Any CPU.Build.0 = Release|Any CPU
		{029FA796-61AE-4DEC-ABDE-856F6822832E}.Debug|Any CPU.ActiveCfg = Debug|Any CPU
		{029FA796-61AE-4DEC-ABDE-856F6822832E}.Debug|Any CPU.Build.0 = Debug|Any CPU
		{029FA796-61AE-4DEC-ABDE-856F6822832E}.Release|Any CPU.ActiveCfg = Release|Any CPU
		{029FA796-61AE-4DEC-ABDE-856F6822832E}.Release|Any CPU.Build.0 = Release|Any CPU
		{382E4A08-6346-475C-BF62-AECAD2D1EA0D}.Debug|Any CPU.ActiveCfg = Debug|Any CPU
		{382E4A08-6346-475C-BF62-AECAD2D1EA0D}.Debug|Any CPU.Build.0 = Debug|Any CPU
		{382E4A08-6346-475C-BF62-AECAD2D1EA0D}.Release|Any CPU.ActiveCfg = Release|Any CPU
		{382E4A08-6346-475C-BF62-AECAD2D1EA0D}.Release|Any CPU.Build.0 = Release|Any CPU
		{BDD5F6F3-FC77-42A8-ABE6-9839822EAECC}.Debug|Any CPU.ActiveCfg = Debug|Any CPU
		{BDD5F6F3-FC77-42A8-ABE6-9839822EAECC}.Debug|Any CPU.Build.0 = Debug|Any CPU
		{BDD5F6F3-FC77-42A8-ABE6-9839822EAECC}.Release|Any CPU.ActiveCfg = Release|Any CPU
		{BDD5F6F3-FC77-42A8-ABE6-9839822EAECC}.Release|Any CPU.Build.0 = Release|Any CPU
		{DE8A3203-7E7F-4764-BBDD-4FF0C5388548}.Debug|Any CPU.ActiveCfg = Debug|Any CPU
		{DE8A3203-7E7F-4764-BBDD-4FF0C5388548}.Debug|Any CPU.Build.0 = Debug|Any CPU
		{DE8A3203-7E7F-4764-BBDD-4FF0C5388548}.Release|Any CPU.ActiveCfg = Release|Any CPU
		{DE8A3203-7E7F-4764-BBDD-4FF0C5388548}.Release|Any CPU.Build.0 = Release|Any CPU
	EndGlobalSection
	GlobalSection(SolutionProperties) = preSolution
		HideSolutionNode = FALSE
	EndGlobalSection
	GlobalSection(NestedProjects) = preSolution
		{6E54A6D5-6050-47A8-BBA3-DDC62A17E0CB} = {B07B0C3C-939F-4DEE-8032-C72A7356A87C}
		{58554BD4-DE01-4F9D-979D-AFFFCEA4A22A} = {B07B0C3C-939F-4DEE-8032-C72A7356A87C}
		{2D97CFC6-BD97-456E-BD02-9CB215EBC8BE} = {B07B0C3C-939F-4DEE-8032-C72A7356A87C}
		{A5851BF7-7DE1-41CB-8396-91D4C5F9E8D5} = {B07B0C3C-939F-4DEE-8032-C72A7356A87C}
		{AF7A2215-569E-414F-A126-33190970C60A} = {B07B0C3C-939F-4DEE-8032-C72A7356A87C}
		{97447125-B301-4EAD-9801-100D33E0D17B} = {D9091F45-1F5E-42BA-9CE0-762C40C11957}
		{1526BF26-B679-455A-B167-E98005121C68} = {D9091F45-1F5E-42BA-9CE0-762C40C11957}
		{29332D89-9405-41E9-A78C-B064C863634B} = {D9091F45-1F5E-42BA-9CE0-762C40C11957}
		{5FBE641A-60FD-4126-B50E-7D0D54BEA32F} = {D9091F45-1F5E-42BA-9CE0-762C40C11957}
		{B866D86F-ACA5-4949-A6DF-6139D8B77E37} = {D9091F45-1F5E-42BA-9CE0-762C40C11957}
		{49F4FD1B-AA77-4399-A93E-05B99470A9DE} = {7F5227A7-842E-4A66-8AA3-1D9E9BE82F8B}
		{B162AB05-86A8-4420-827E-27774586D3D5} = {7F5227A7-842E-4A66-8AA3-1D9E9BE82F8B}
		{E3A1C1CD-4710-4710-B363-BDB505BCA005} = {7F5227A7-842E-4A66-8AA3-1D9E9BE82F8B}
		{723E9805-E7A1-45B8-874C-5D02DEA63E06} = {7F5227A7-842E-4A66-8AA3-1D9E9BE82F8B}
		{546763C9-7780-42D2-AC7E-B4EDCD8DAA10} = {1B30478C-25FF-4FB8-9AD2-1E1450B84F1E}
		{029FA796-61AE-4DEC-ABDE-856F6822832E} = {1B30478C-25FF-4FB8-9AD2-1E1450B84F1E}
		{382E4A08-6346-475C-BF62-AECAD2D1EA0D} = {1B30478C-25FF-4FB8-9AD2-1E1450B84F1E}
		{BDD5F6F3-FC77-42A8-ABE6-9839822EAECC} = {1B30478C-25FF-4FB8-9AD2-1E1450B84F1E}
		{DE8A3203-7E7F-4764-BBDD-4FF0C5388548} = {65AD637D-FDB7-4156-9368-713106B3BBB7}
	EndGlobalSection
	GlobalSection(ExtensibilityGlobals) = postSolution
		SolutionGuid = {609CA601-935E-451B-90DD-E965EC4ED115}
	EndGlobalSection
EndGlobal
